// !$*UTF8*$!
{
	archiveVersion = 1;
	classes = {
	};
	objectVersion = 51;
	objects = {

/* Begin PBXBuildFile section */
		83090AC3247A794600CF4CF6 /* AppDelegate.swift in Sources */ = {isa = PBXBuildFile; fileRef = 83090AC2247A794600CF4CF6 /* AppDelegate.swift */; };
		83090AC7247A794600CF4CF6 /* ViewController.swift in Sources */ = {isa = PBXBuildFile; fileRef = 83090AC6247A794600CF4CF6 /* ViewController.swift */; };
		83090ACA247A794600CF4CF6 /* Main.storyboard in Resources */ = {isa = PBXBuildFile; fileRef = 83090AC8247A794600CF4CF6 /* Main.storyboard */; };
		83090ACC247A794700CF4CF6 /* Assets.xcassets in Resources */ = {isa = PBXBuildFile; fileRef = 83090ACB247A794700CF4CF6 /* Assets.xcassets */; };
		83090ACF247A794700CF4CF6 /* LaunchScreen.storyboard in Resources */ = {isa = PBXBuildFile; fileRef = 83090ACD247A794700CF4CF6 /* LaunchScreen.storyboard */; };
		83090AD9247A7A2E00CF4CF6 /* HomeVC.swift in Sources */ = {isa = PBXBuildFile; fileRef = 83090AD8247A7A2E00CF4CF6 /* HomeVC.swift */; };
		83090ADB247A7B3300CF4CF6 /* HomeUIVC.swift in Sources */ = {isa = PBXBuildFile; fileRef = 83090ADA247A7B3300CF4CF6 /* HomeUIVC.swift */; };
		83090ADE247A804B00CF4CF6 /* ProfileCell.swift in Sources */ = {isa = PBXBuildFile; fileRef = 83090ADD247A804B00CF4CF6 /* ProfileCell.swift */; };
		83090AE0247A810900CF4CF6 /* ProfileUICell.swift in Sources */ = {isa = PBXBuildFile; fileRef = 83090ADF247A810900CF4CF6 /* ProfileUICell.swift */; };
		8309C1F22483B93D00F64036 /* ImageCell.swift in Sources */ = {isa = PBXBuildFile; fileRef = 8309C1F12483B93D00F64036 /* ImageCell.swift */; };
		8309C1F42483B99700F64036 /* ImageUICell.swift in Sources */ = {isa = PBXBuildFile; fileRef = 8309C1F32483B99700F64036 /* ImageUICell.swift */; };
		8311BDD32483A1E600663F57 /* MainFeedVC.swift in Sources */ = {isa = PBXBuildFile; fileRef = 8311BDD22483A1E600663F57 /* MainFeedVC.swift */; };
		831B88422482710B006813DC /* MainFeedUIVC.swift in Sources */ = {isa = PBXBuildFile; fileRef = 831B88412482710B006813DC /* MainFeedUIVC.swift */; };
		831B88472482730F006813DC /* MainUIVC.swift in Sources */ = {isa = PBXBuildFile; fileRef = 831B88462482730F006813DC /* MainUIVC.swift */; };
		831B8849248273C4006813DC /* MainVC.swift in Sources */ = {isa = PBXBuildFile; fileRef = 831B8848248273C4006813DC /* MainVC.swift */; };
		831B884C2482C1A5006813DC /* FeedCell.swift in Sources */ = {isa = PBXBuildFile; fileRef = 831B884B2482C1A5006813DC /* FeedCell.swift */; };
		831B884F2482C5F7006813DC /* FeedUICell.swift in Sources */ = {isa = PBXBuildFile; fileRef = 831B884E2482C5F7006813DC /* FeedUICell.swift */; };
		831B88512482C73A006813DC /* StackViewExtension.swift in Sources */ = {isa = PBXBuildFile; fileRef = 831B88502482C73A006813DC /* StackViewExtension.swift */; };
		835EA419247BE29000A960F1 /* CollectionCell.swift in Sources */ = {isa = PBXBuildFile; fileRef = 835EA418247BE29000A960F1 /* CollectionCell.swift */; };
		835EA41B247BE2C200A960F1 /* CollectionUICell.swift in Sources */ = {isa = PBXBuildFile; fileRef = 835EA41A247BE2C200A960F1 /* CollectionUICell.swift */; };
		835EA41E247BE59200A960F1 /* SavedStoryCell.swift in Sources */ = {isa = PBXBuildFile; fileRef = 835EA41D247BE59200A960F1 /* SavedStoryCell.swift */; };
		835EA420247BE5B300A960F1 /* SavedStoryUICell.swift in Sources */ = {isa = PBXBuildFile; fileRef = 835EA41F247BE5B300A960F1 /* SavedStoryUICell.swift */; };
		835EA424247BFB0400A960F1 /* ButtonExtension.swift in Sources */ = {isa = PBXBuildFile; fileRef = 835EA423247BFB0400A960F1 /* ButtonExtension.swift */; };
		835EA426247BFB1B00A960F1 /* LabelExtension.swift in Sources */ = {isa = PBXBuildFile; fileRef = 835EA425247BFB1B00A960F1 /* LabelExtension.swift */; };
		835EA428247BFB5900A960F1 /* ViewExtension.swift in Sources */ = {isa = PBXBuildFile; fileRef = 835EA427247BFB5900A960F1 /* ViewExtension.swift */; };
		835EA42B247C0DE100A960F1 /* AlertManager.swift in Sources */ = {isa = PBXBuildFile; fileRef = 835EA42A247C0DE100A960F1 /* AlertManager.swift */; };
		83EEB27D247C25A8003AAC17 /* ProfileModel.swift in Sources */ = {isa = PBXBuildFile; fileRef = 83EEB27C247C25A8003AAC17 /* ProfileModel.swift */; };
		F8CC0A2953E6654E8EA8AEBE /* Pods_InstagramProfilewithSnapKit.framework in Frameworks */ = {isa = PBXBuildFile; fileRef = 75CC5DE267FC097705E85B66 /* Pods_InstagramProfilewithSnapKit.framework */; };
/* End PBXBuildFile section */

/* Begin PBXFileReference section */
		75CC5DE267FC097705E85B66 /* Pods_InstagramProfilewithSnapKit.framework */ = {isa = PBXFileReference; explicitFileType = wrapper.framework; includeInIndex = 0; path = Pods_InstagramProfilewithSnapKit.framework; sourceTree = BUILT_PRODUCTS_DIR; };
		83090ABF247A794600CF4CF6 /* InstagramProfilewithSnapKit.app */ = {isa = PBXFileReference; explicitFileType = wrapper.application; includeInIndex = 0; path = InstagramProfilewithSnapKit.app; sourceTree = BUILT_PRODUCTS_DIR; };
		83090AC2247A794600CF4CF6 /* AppDelegate.swift */ = {isa = PBXFileReference; lastKnownFileType = sourcecode.swift; path = AppDelegate.swift; sourceTree = "<group>"; };
		83090AC6247A794600CF4CF6 /* ViewController.swift */ = {isa = PBXFileReference; lastKnownFileType = sourcecode.swift; path = ViewController.swift; sourceTree = "<group>"; };
		83090AC9247A794600CF4CF6 /* Base */ = {isa = PBXFileReference; lastKnownFileType = file.storyboard; name = Base; path = Base.lproj/Main.storyboard; sourceTree = "<group>"; };
		83090ACB247A794700CF4CF6 /* Assets.xcassets */ = {isa = PBXFileReference; lastKnownFileType = folder.assetcatalog; path = Assets.xcassets; sourceTree = "<group>"; };
		83090ACE247A794700CF4CF6 /* Base */ = {isa = PBXFileReference; lastKnownFileType = file.storyboard; name = Base; path = Base.lproj/LaunchScreen.storyboard; sourceTree = "<group>"; };
		83090AD0247A794700CF4CF6 /* Info.plist */ = {isa = PBXFileReference; lastKnownFileType = text.plist.xml; path = Info.plist; sourceTree = "<group>"; };
		83090AD8247A7A2E00CF4CF6 /* HomeVC.swift */ = {isa = PBXFileReference; lastKnownFileType = sourcecode.swift; path = HomeVC.swift; sourceTree = "<group>"; };
		83090ADA247A7B3300CF4CF6 /* HomeUIVC.swift */ = {isa = PBXFileReference; lastKnownFileType = sourcecode.swift; path = HomeUIVC.swift; sourceTree = "<group>"; };
		83090ADD247A804B00CF4CF6 /* ProfileCell.swift */ = {isa = PBXFileReference; lastKnownFileType = sourcecode.swift; path = ProfileCell.swift; sourceTree = "<group>"; };
		83090ADF247A810900CF4CF6 /* ProfileUICell.swift */ = {isa = PBXFileReference; lastKnownFileType = sourcecode.swift; path = ProfileUICell.swift; sourceTree = "<group>"; };
		8309C1F12483B93D00F64036 /* ImageCell.swift */ = {isa = PBXFileReference; lastKnownFileType = sourcecode.swift; path = ImageCell.swift; sourceTree = "<group>"; };
		8309C1F32483B99700F64036 /* ImageUICell.swift */ = {isa = PBXFileReference; lastKnownFileType = sourcecode.swift; path = ImageUICell.swift; sourceTree = "<group>"; };
		8311BDD22483A1E600663F57 /* MainFeedVC.swift */ = {isa = PBXFileReference; lastKnownFileType = sourcecode.swift; path = MainFeedVC.swift; sourceTree = "<group>"; };
		831B88412482710B006813DC /* MainFeedUIVC.swift */ = {isa = PBXFileReference; lastKnownFileType = sourcecode.swift; path = MainFeedUIVC.swift; sourceTree = "<group>"; };
		831B88462482730F006813DC /* MainUIVC.swift */ = {isa = PBXFileReference; lastKnownFileType = sourcecode.swift; path = MainUIVC.swift; sourceTree = "<group>"; };
		831B8848248273C4006813DC /* MainVC.swift */ = {isa = PBXFileReference; lastKnownFileType = sourcecode.swift; path = MainVC.swift; sourceTree = "<group>"; };
		831B884B2482C1A5006813DC /* FeedCell.swift */ = {isa = PBXFileReference; lastKnownFileType = sourcecode.swift; path = FeedCell.swift; sourceTree = "<group>"; };
		831B884E2482C5F7006813DC /* FeedUICell.swift */ = {isa = PBXFileReference; lastKnownFileType = sourcecode.swift; path = FeedUICell.swift; sourceTree = "<group>"; };
		831B88502482C73A006813DC /* StackViewExtension.swift */ = {isa = PBXFileReference; lastKnownFileType = sourcecode.swift; path = StackViewExtension.swift; sourceTree = "<group>"; };
		835EA418247BE29000A960F1 /* CollectionCell.swift */ = {isa = PBXFileReference; lastKnownFileType = sourcecode.swift; path = CollectionCell.swift; sourceTree = "<group>"; };
		835EA41A247BE2C200A960F1 /* CollectionUICell.swift */ = {isa = PBXFileReference; lastKnownFileType = sourcecode.swift; path = CollectionUICell.swift; sourceTree = "<group>"; };
		835EA41D247BE59200A960F1 /* SavedStoryCell.swift */ = {isa = PBXFileReference; lastKnownFileType = sourcecode.swift; path = SavedStoryCell.swift; sourceTree = "<group>"; };
		835EA41F247BE5B300A960F1 /* SavedStoryUICell.swift */ = {isa = PBXFileReference; lastKnownFileType = sourcecode.swift; path = SavedStoryUICell.swift; sourceTree = "<group>"; };
		835EA423247BFB0400A960F1 /* ButtonExtension.swift */ = {isa = PBXFileReference; lastKnownFileType = sourcecode.swift; path = ButtonExtension.swift; sourceTree = "<group>"; };
		835EA425247BFB1B00A960F1 /* LabelExtension.swift */ = {isa = PBXFileReference; lastKnownFileType = sourcecode.swift; path = LabelExtension.swift; sourceTree = "<group>"; };
		835EA427247BFB5900A960F1 /* ViewExtension.swift */ = {isa = PBXFileReference; lastKnownFileType = sourcecode.swift; path = ViewExtension.swift; sourceTree = "<group>"; };
		835EA42A247C0DE100A960F1 /* AlertManager.swift */ = {isa = PBXFileReference; lastKnownFileType = sourcecode.swift; path = AlertManager.swift; sourceTree = "<group>"; };
		83EEB27C247C25A8003AAC17 /* ProfileModel.swift */ = {isa = PBXFileReference; lastKnownFileType = sourcecode.swift; path = ProfileModel.swift; sourceTree = "<group>"; };
		A7FA8DDC371C96FF482887E0 /* Pods-InstagramProfilewithSnapKit.debug.xcconfig */ = {isa = PBXFileReference; includeInIndex = 1; lastKnownFileType = text.xcconfig; name = "Pods-InstagramProfilewithSnapKit.debug.xcconfig"; path = "Target Support Files/Pods-InstagramProfilewithSnapKit/Pods-InstagramProfilewithSnapKit.debug.xcconfig"; sourceTree = "<group>"; };
		EDF5E6602B46789DEBE5DED2 /* Pods-InstagramProfilewithSnapKit.release.xcconfig */ = {isa = PBXFileReference; includeInIndex = 1; lastKnownFileType = text.xcconfig; name = "Pods-InstagramProfilewithSnapKit.release.xcconfig"; path = "Target Support Files/Pods-InstagramProfilewithSnapKit/Pods-InstagramProfilewithSnapKit.release.xcconfig"; sourceTree = "<group>"; };
/* End PBXFileReference section */

/* Begin PBXFrameworksBuildPhase section */
		83090ABC247A794600CF4CF6 /* Frameworks */ = {
			isa = PBXFrameworksBuildPhase;
			buildActionMask = 2147483647;
			files = (
				F8CC0A2953E6654E8EA8AEBE /* Pods_InstagramProfilewithSnapKit.framework in Frameworks */,
			);
			runOnlyForDeploymentPostprocessing = 0;
		};
/* End PBXFrameworksBuildPhase section */

/* Begin PBXGroup section */
		2D3F63CE7FCCB2C6092CAA72 /* Frameworks */ = {
			isa = PBXGroup;
			children = (
				75CC5DE267FC097705E85B66 /* Pods_InstagramProfilewithSnapKit.framework */,
			);
			name = Frameworks;
			sourceTree = "<group>";
		};
		83090AB6247A794600CF4CF6 = {
			isa = PBXGroup;
			children = (
				83090AC1247A794600CF4CF6 /* InstagramProfilewithSnapKit */,
				83090AC0247A794600CF4CF6 /* Products */,
				C7DFF8BE2AF2E24FEDDE5CAA /* Pods */,
				2D3F63CE7FCCB2C6092CAA72 /* Frameworks */,
			);
			sourceTree = "<group>";
		};
		83090AC0247A794600CF4CF6 /* Products */ = {
			isa = PBXGroup;
			children = (
				83090ABF247A794600CF4CF6 /* InstagramProfilewithSnapKit.app */,
			);
			name = Products;
			sourceTree = "<group>";
		};
		83090AC1247A794600CF4CF6 /* InstagramProfilewithSnapKit */ = {
			isa = PBXGroup;
			children = (
				835EA421247BFAF000A960F1 /* Helpers */,
				83EEB27B247C259B003AAC17 /* Model */,
				831B883D24827097006813DC /* Controllers */,
				83090AD6247A796400CF4CF6 /* App */,
				83090ACB247A794700CF4CF6 /* Assets.xcassets */,
				83090AC2247A794600CF4CF6 /* AppDelegate.swift */,
				83090ACD247A794700CF4CF6 /* LaunchScreen.storyboard */,
				83090AD0247A794700CF4CF6 /* Info.plist */,
			);
			path = InstagramProfilewithSnapKit;
			sourceTree = "<group>";
		};
		83090AD6247A796400CF4CF6 /* App */ = {
			isa = PBXGroup;
			children = (
				83090AC8247A794600CF4CF6 /* Main.storyboard */,
				83090AC6247A794600CF4CF6 /* ViewController.swift */,
			);
			path = App;
			sourceTree = "<group>";
		};
		83090AD7247A7A1100CF4CF6 /* Profile */ = {
			isa = PBXGroup;
			children = (
				83090ADC247A802F00CF4CF6 /* Cell */,
				83090AD8247A7A2E00CF4CF6 /* HomeVC.swift */,
				83090ADA247A7B3300CF4CF6 /* HomeUIVC.swift */,
			);
			path = Profile;
			sourceTree = "<group>";
		};
		83090ADC247A802F00CF4CF6 /* Cell */ = {
			isa = PBXGroup;
			children = (
				835EA416247BE26900A960F1 /* ProfileCell */,
				835EA417247BE27900A960F1 /* CollectionCell */,
			);
			path = Cell;
			sourceTree = "<group>";
		};
		8309C1F02483B92200F64036 /* CollectionCell */ = {
			isa = PBXGroup;
			children = (
				8309C1F12483B93D00F64036 /* ImageCell.swift */,
				8309C1F32483B99700F64036 /* ImageUICell.swift */,
			);
			path = CollectionCell;
			sourceTree = "<group>";
		};
		831B883D24827097006813DC /* Controllers */ = {
			isa = PBXGroup;
			children = (
				831B8843248272C8006813DC /* Tabbar */,
				831B883E248270A9006813DC /* MainFeed */,
				83090AD7247A7A1100CF4CF6 /* Profile */,
			);
			path = Controllers;
			sourceTree = "<group>";
		};
		831B883E248270A9006813DC /* MainFeed */ = {
			isa = PBXGroup;
			children = (
				831B884A2482C172006813DC /* Cell */,
				8311BDD22483A1E600663F57 /* MainFeedVC.swift */,
				831B88412482710B006813DC /* MainFeedUIVC.swift */,
			);
			path = MainFeed;
			sourceTree = "<group>";
		};
		831B8843248272C8006813DC /* Tabbar */ = {
			isa = PBXGroup;
			children = (
				831B8848248273C4006813DC /* MainVC.swift */,
				831B88462482730F006813DC /* MainUIVC.swift */,
			);
			path = Tabbar;
			sourceTree = "<group>";
		};
		831B884A2482C172006813DC /* Cell */ = {
			isa = PBXGroup;
			children = (
				8309C1F02483B92200F64036 /* CollectionCell */,
				831B884B2482C1A5006813DC /* FeedCell.swift */,
				831B884E2482C5F7006813DC /* FeedUICell.swift */,
			);
			path = Cell;
			sourceTree = "<group>";
		};
		835EA416247BE26900A960F1 /* ProfileCell */ = {
			isa = PBXGroup;
			children = (
				83090ADD247A804B00CF4CF6 /* ProfileCell.swift */,
				83090ADF247A810900CF4CF6 /* ProfileUICell.swift */,
			);
			path = ProfileCell;
			sourceTree = "<group>";
		};
		835EA417247BE27900A960F1 /* CollectionCell */ = {
			isa = PBXGroup;
			children = (
				835EA41C247BE54300A960F1 /* CollectionViewCell */,
				835EA418247BE29000A960F1 /* CollectionCell.swift */,
				835EA41A247BE2C200A960F1 /* CollectionUICell.swift */,
			);
			path = CollectionCell;
			sourceTree = "<group>";
		};
		835EA41C247BE54300A960F1 /* CollectionViewCell */ = {
			isa = PBXGroup;
			children = (
				835EA41D247BE59200A960F1 /* SavedStoryCell.swift */,
				835EA41F247BE5B300A960F1 /* SavedStoryUICell.swift */,
			);
			path = CollectionViewCell;
			sourceTree = "<group>";
		};
		835EA421247BFAF000A960F1 /* Helpers */ = {
			isa = PBXGroup;
			children = (
				835EA429247C0DD400A960F1 /* Managers */,
				835EA422247BFAF600A960F1 /* Extensions */,
			);
			path = Helpers;
			sourceTree = "<group>";
		};
		835EA422247BFAF600A960F1 /* Extensions */ = {
			isa = PBXGroup;
			children = (
				835EA423247BFB0400A960F1 /* ButtonExtension.swift */,
				835EA425247BFB1B00A960F1 /* LabelExtension.swift */,
				835EA427247BFB5900A960F1 /* ViewExtension.swift */,
				831B88502482C73A006813DC /* StackViewExtension.swift */,
			);
			path = Extensions;
			sourceTree = "<group>";
		};
		835EA429247C0DD400A960F1 /* Managers */ = {
			isa = PBXGroup;
			children = (
				835EA42A247C0DE100A960F1 /* AlertManager.swift */,
			);
			path = Managers;
			sourceTree = "<group>";
		};
		83EEB27B247C259B003AAC17 /* Model */ = {
			isa = PBXGroup;
			children = (
				83EEB27C247C25A8003AAC17 /* ProfileModel.swift */,
			);
			path = Model;
			sourceTree = "<group>";
		};
		C7DFF8BE2AF2E24FEDDE5CAA /* Pods */ = {
			isa = PBXGroup;
			children = (
				A7FA8DDC371C96FF482887E0 /* Pods-InstagramProfilewithSnapKit.debug.xcconfig */,
				EDF5E6602B46789DEBE5DED2 /* Pods-InstagramProfilewithSnapKit.release.xcconfig */,
			);
			path = Pods;
			sourceTree = "<group>";
		};
/* End PBXGroup section */

/* Begin PBXNativeTarget section */
		83090ABE247A794600CF4CF6 /* InstagramProfilewithSnapKit */ = {
			isa = PBXNativeTarget;
			buildConfigurationList = 83090AD3247A794700CF4CF6 /* Build configuration list for PBXNativeTarget "InstagramProfilewithSnapKit" */;
			buildPhases = (
				06230FDF0639D59ED2DA753B /* [CP] Check Pods Manifest.lock */,
				83090ABB247A794600CF4CF6 /* Sources */,
				83090ABC247A794600CF4CF6 /* Frameworks */,
				83090ABD247A794600CF4CF6 /* Resources */,
				22880B61F0781668005FDBD5 /* [CP] Embed Pods Frameworks */,
			);
			buildRules = (
			);
			dependencies = (
			);
			name = InstagramProfilewithSnapKit;
			productName = InstagramProfilewithSnapKit;
			productReference = 83090ABF247A794600CF4CF6 /* InstagramProfilewithSnapKit.app */;
			productType = "com.apple.product-type.application";
		};
/* End PBXNativeTarget section */

/* Begin PBXProject section */
		83090AB7247A794600CF4CF6 /* Project object */ = {
			isa = PBXProject;
			attributes = {
				LastSwiftUpdateCheck = 1130;
				LastUpgradeCheck = 1130;
				ORGANIZATIONNAME = "Tolga İskender";
				TargetAttributes = {
					83090ABE247A794600CF4CF6 = {
						CreatedOnToolsVersion = 11.3.1;
					};
				};
			};
			buildConfigurationList = 83090ABA247A794600CF4CF6 /* Build configuration list for PBXProject "InstagramProfilewithSnapKit" */;
			compatibilityVersion = "Xcode 9.3";
			developmentRegion = en;
			hasScannedForEncodings = 0;
			knownRegions = (
				en,
				Base,
			);
			mainGroup = 83090AB6247A794600CF4CF6;
			productRefGroup = 83090AC0247A794600CF4CF6 /* Products */;
			projectDirPath = "";
			projectRoot = "";
			targets = (
				83090ABE247A794600CF4CF6 /* InstagramProfilewithSnapKit */,
			);
		};
/* End PBXProject section */

/* Begin PBXResourcesBuildPhase section */
		83090ABD247A794600CF4CF6 /* Resources */ = {
			isa = PBXResourcesBuildPhase;
			buildActionMask = 2147483647;
			files = (
				83090ACF247A794700CF4CF6 /* LaunchScreen.storyboard in Resources */,
				83090ACC247A794700CF4CF6 /* Assets.xcassets in Resources */,
				83090ACA247A794600CF4CF6 /* Main.storyboard in Resources */,
			);
			runOnlyForDeploymentPostprocessing = 0;
		};
/* End PBXResourcesBuildPhase section */

/* Begin PBXShellScriptBuildPhase section */
		06230FDF0639D59ED2DA753B /* [CP] Check Pods Manifest.lock */ = {
			isa = PBXShellScriptBuildPhase;
			buildActionMask = 2147483647;
			files = (
			);
			inputFileListPaths = (
			);
			inputPaths = (
				"${PODS_PODFILE_DIR_PATH}/Podfile.lock",
				"${PODS_ROOT}/Manifest.lock",
			);
			name = "[CP] Check Pods Manifest.lock";
			outputFileListPaths = (
			);
			outputPaths = (
				"$(DERIVED_FILE_DIR)/Pods-InstagramProfilewithSnapKit-checkManifestLockResult.txt",
			);
			runOnlyForDeploymentPostprocessing = 0;
			shellPath = /bin/sh;
			shellScript = "diff \"${PODS_PODFILE_DIR_PATH}/Podfile.lock\" \"${PODS_ROOT}/Manifest.lock\" > /dev/null\nif [ $? != 0 ] ; then\n    # print error to STDERR\n    echo \"error: The sandbox is not in sync with the Podfile.lock. Run 'pod install' or update your CocoaPods installation.\" >&2\n    exit 1\nfi\n# This output is used by Xcode 'outputs' to avoid re-running this script phase.\necho \"SUCCESS\" > \"${SCRIPT_OUTPUT_FILE_0}\"\n";
			showEnvVarsInLog = 0;
		};
		22880B61F0781668005FDBD5 /* [CP] Embed Pods Frameworks */ = {
			isa = PBXShellScriptBuildPhase;
			buildActionMask = 2147483647;
			files = (
			);
			inputFileListPaths = (
				"${PODS_ROOT}/Target Support Files/Pods-InstagramProfilewithSnapKit/Pods-InstagramProfilewithSnapKit-frameworks-${CONFIGURATION}-input-files.xcfilelist",
			);
			name = "[CP] Embed Pods Frameworks";
			outputFileListPaths = (
				"${PODS_ROOT}/Target Support Files/Pods-InstagramProfilewithSnapKit/Pods-InstagramProfilewithSnapKit-frameworks-${CONFIGURATION}-output-files.xcfilelist",
			);
			runOnlyForDeploymentPostprocessing = 0;
			shellPath = /bin/sh;
			shellScript = "\"${PODS_ROOT}/Target Support Files/Pods-InstagramProfilewithSnapKit/Pods-InstagramProfilewithSnapKit-frameworks.sh\"\n";
			showEnvVarsInLog = 0;
		};
/* End PBXShellScriptBuildPhase section */

/* Begin PBXSourcesBuildPhase section */
		83090ABB247A794600CF4CF6 /* Sources */ = {
			isa = PBXSourcesBuildPhase;
			buildActionMask = 2147483647;
			files = (
				83EEB27D247C25A8003AAC17 /* ProfileModel.swift in Sources */,
				831B884C2482C1A5006813DC /* FeedCell.swift in Sources */,
				835EA426247BFB1B00A960F1 /* LabelExtension.swift in Sources */,
				835EA424247BFB0400A960F1 /* ButtonExtension.swift in Sources */,
				83090AD9247A7A2E00CF4CF6 /* HomeVC.swift in Sources */,
				8309C1F42483B99700F64036 /* ImageUICell.swift in Sources */,
				835EA420247BE5B300A960F1 /* SavedStoryUICell.swift in Sources */,
				835EA41E247BE59200A960F1 /* SavedStoryCell.swift in Sources */,
				83090ADB247A7B3300CF4CF6 /* HomeUIVC.swift in Sources */,
				83090AC7247A794600CF4CF6 /* ViewController.swift in Sources */,
				831B88472482730F006813DC /* MainUIVC.swift in Sources */,
				831B884F2482C5F7006813DC /* FeedUICell.swift in Sources */,
				831B88512482C73A006813DC /* StackViewExtension.swift in Sources */,
				835EA41B247BE2C200A960F1 /* CollectionUICell.swift in Sources */,
				8311BDD32483A1E600663F57 /* MainFeedVC.swift in Sources */,
				83090AE0247A810900CF4CF6 /* ProfileUICell.swift in Sources */,
				835EA419247BE29000A960F1 /* CollectionCell.swift in Sources */,
				831B8849248273C4006813DC /* MainVC.swift in Sources */,
				831B88422482710B006813DC /* MainFeedUIVC.swift in Sources */,
				83090AC3247A794600CF4CF6 /* AppDelegate.swift in Sources */,
				8309C1F22483B93D00F64036 /* ImageCell.swift in Sources */,
				83090ADE247A804B00CF4CF6 /* ProfileCell.swift in Sources */,
				835EA42B247C0DE100A960F1 /* AlertManager.swift in Sources */,
				835EA428247BFB5900A960F1 /* ViewExtension.swift in Sources */,
			);
			runOnlyForDeploymentPostprocessing = 0;
		};
/* End PBXSourcesBuildPhase section */

/* Begin PBXVariantGroup section */
		83090AC8247A794600CF4CF6 /* Main.storyboard */ = {
			isa = PBXVariantGroup;
			children = (
				83090AC9247A794600CF4CF6 /* Base */,
			);
			name = Main.storyboard;
			sourceTree = "<group>";
		};
		83090ACD247A794700CF4CF6 /* LaunchScreen.storyboard */ = {
			isa = PBXVariantGroup;
			children = (
				83090ACE247A794700CF4CF6 /* Base */,
			);
			name = LaunchScreen.storyboard;
			sourceTree = "<group>";
		};
/* End PBXVariantGroup section */

/* Begin XCBuildConfiguration section */
		83090AD1247A794700CF4CF6 /* Debug */ = {
			isa = XCBuildConfiguration;
			buildSettings = {
				ALWAYS_SEARCH_USER_PATHS = NO;
				CLANG_ANALYZER_NONNULL = YES;
				CLANG_ANALYZER_NUMBER_OBJECT_CONVERSION = YES_AGGRESSIVE;
				CLANG_CXX_LANGUAGE_STANDARD = "gnu++14";
				CLANG_CXX_LIBRARY = "libc++";
				CLANG_ENABLE_MODULES = YES;
				CLANG_ENABLE_OBJC_ARC = YES;
				CLANG_ENABLE_OBJC_WEAK = YES;
				CLANG_WARN_BLOCK_CAPTURE_AUTORELEASING = YES;
				CLANG_WARN_BOOL_CONVERSION = YES;
				CLANG_WARN_COMMA = YES;
				CLANG_WARN_CONSTANT_CONVERSION = YES;
				CLANG_WARN_DEPRECATED_OBJC_IMPLEMENTATIONS = YES;
				CLANG_WARN_DIRECT_OBJC_ISA_USAGE = YES_ERROR;
				CLANG_WARN_DOCUMENTATION_COMMENTS = YES;
				CLANG_WARN_EMPTY_BODY = YES;
				CLANG_WARN_ENUM_CONVERSION = YES;
				CLANG_WARN_INFINITE_RECURSION = YES;
				CLANG_WARN_INT_CONVERSION = YES;
				CLANG_WARN_NON_LITERAL_NULL_CONVERSION = YES;
				CLANG_WARN_OBJC_IMPLICIT_RETAIN_SELF = YES;
				CLANG_WARN_OBJC_LITERAL_CONVERSION = YES;
				CLANG_WARN_OBJC_ROOT_CLASS = YES_ERROR;
				CLANG_WARN_RANGE_LOOP_ANALYSIS = YES;
				CLANG_WARN_STRICT_PROTOTYPES = YES;
				CLANG_WARN_SUSPICIOUS_MOVE = YES;
				CLANG_WARN_UNGUARDED_AVAILABILITY = YES_AGGRESSIVE;
				CLANG_WARN_UNREACHABLE_CODE = YES;
				CLANG_WARN__DUPLICATE_METHOD_MATCH = YES;
				COPY_PHASE_STRIP = NO;
				DEBUG_INFORMATION_FORMAT = dwarf;
				ENABLE_STRICT_OBJC_MSGSEND = YES;
				ENABLE_TESTABILITY = YES;
				GCC_C_LANGUAGE_STANDARD = gnu11;
				GCC_DYNAMIC_NO_PIC = NO;
				GCC_NO_COMMON_BLOCKS = YES;
				GCC_OPTIMIZATION_LEVEL = 0;
				GCC_PREPROCESSOR_DEFINITIONS = (
					"DEBUG=1",
					"$(inherited)",
				);
				GCC_WARN_64_TO_32_BIT_CONVERSION = YES;
				GCC_WARN_ABOUT_RETURN_TYPE = YES_ERROR;
				GCC_WARN_UNDECLARED_SELECTOR = YES;
				GCC_WARN_UNINITIALIZED_AUTOS = YES_AGGRESSIVE;
				GCC_WARN_UNUSED_FUNCTION = YES;
				GCC_WARN_UNUSED_VARIABLE = YES;
				IPHONEOS_DEPLOYMENT_TARGET = 13.2;
				MTL_ENABLE_DEBUG_INFO = INCLUDE_SOURCE;
				MTL_FAST_MATH = YES;
				ONLY_ACTIVE_ARCH = YES;
				SDKROOT = iphoneos;
				SWIFT_ACTIVE_COMPILATION_CONDITIONS = DEBUG;
				SWIFT_OPTIMIZATION_LEVEL = "-Onone";
			};
			name = Debug;
		};
		83090AD2247A794700CF4CF6 /* Release */ = {
			isa = XCBuildConfiguration;
			buildSettings = {
				ALWAYS_SEARCH_USER_PATHS = NO;
				CLANG_ANALYZER_NONNULL = YES;
				CLANG_ANALYZER_NUMBER_OBJECT_CONVERSION = YES_AGGRESSIVE;
				CLANG_CXX_LANGUAGE_STANDARD = "gnu++14";
				CLANG_CXX_LIBRARY = "libc++";
				CLANG_ENABLE_MODULES = YES;
				CLANG_ENABLE_OBJC_ARC = YES;
				CLANG_ENABLE_OBJC_WEAK = YES;
				CLANG_WARN_BLOCK_CAPTURE_AUTORELEASING = YES;
				CLANG_WARN_BOOL_CONVERSION = YES;
				CLANG_WARN_COMMA = YES;
				CLANG_WARN_CONSTANT_CONVERSION = YES;
				CLANG_WARN_DEPRECATED_OBJC_IMPLEMENTATIONS = YES;
				CLANG_WARN_DIRECT_OBJC_ISA_USAGE = YES_ERROR;
				CLANG_WARN_DOCUMENTATION_COMMENTS = YES;
				CLANG_WARN_EMPTY_BODY = YES;
				CLANG_WARN_ENUM_CONVERSION = YES;
				CLANG_WARN_INFINITE_RECURSION = YES;
				CLANG_WARN_INT_CONVERSION = YES;
				CLANG_WARN_NON_LITERAL_NULL_CONVERSION = YES;
				CLANG_WARN_OBJC_IMPLICIT_RETAIN_SELF = YES;
				CLANG_WARN_OBJC_LITERAL_CONVERSION = YES;
				CLANG_WARN_OBJC_ROOT_CLASS = YES_ERROR;
				CLANG_WARN_RANGE_LOOP_ANALYSIS = YES;
				CLANG_WARN_STRICT_PROTOTYPES = YES;
				CLANG_WARN_SUSPICIOUS_MOVE = YES;
				CLANG_WARN_UNGUARDED_AVAILABILITY = YES_AGGRESSIVE;
				CLANG_WARN_UNREACHABLE_CODE = YES;
				CLANG_WARN__DUPLICATE_METHOD_MATCH = YES;
				COPY_PHASE_STRIP = NO;
				DEBUG_INFORMATION_FORMAT = "dwarf-with-dsym";
				ENABLE_NS_ASSERTIONS = NO;
				ENABLE_STRICT_OBJC_MSGSEND = YES;
				GCC_C_LANGUAGE_STANDARD = gnu11;
				GCC_NO_COMMON_BLOCKS = YES;
				GCC_WARN_64_TO_32_BIT_CONVERSION = YES;
				GCC_WARN_ABOUT_RETURN_TYPE = YES_ERROR;
				GCC_WARN_UNDECLARED_SELECTOR = YES;
				GCC_WARN_UNINITIALIZED_AUTOS = YES_AGGRESSIVE;
				GCC_WARN_UNUSED_FUNCTION = YES;
				GCC_WARN_UNUSED_VARIABLE = YES;
				IPHONEOS_DEPLOYMENT_TARGET = 13.2;
				MTL_ENABLE_DEBUG_INFO = NO;
				MTL_FAST_MATH = YES;
				SDKROOT = iphoneos;
				SWIFT_COMPILATION_MODE = wholemodule;
				SWIFT_OPTIMIZATION_LEVEL = "-O";
				VALIDATE_PRODUCT = YES;
			};
			name = Release;
		};
		83090AD4247A794700CF4CF6 /* Debug */ = {
			isa = XCBuildConfiguration;
			baseConfigurationReference = A7FA8DDC371C96FF482887E0 /* Pods-InstagramProfilewithSnapKit.debug.xcconfig */;
			buildSettings = {
				ASSETCATALOG_COMPILER_APPICON_NAME = AppIcon;
				CODE_SIGN_STYLE = Automatic;
				DEVELOPMENT_TEAM = Q4E69GH98L;
				INFOPLIST_FILE = InstagramProfilewithSnapKit/Info.plist;
				LD_RUNPATH_SEARCH_PATHS = (
					"$(inherited)",
					"@executable_path/Frameworks",
				);
				PRODUCT_BUNDLE_IDENTIFIER = tolga.InstagramProfilewithSnapKit;
				PRODUCT_NAME = "$(TARGET_NAME)";
				SWIFT_VERSION = 5.0;
				TARGETED_DEVICE_FAMILY = "1,2";
			};
			name = Debug;
		};
		83090AD5247A794700CF4CF6 /* Release */ = {
			isa = XCBuildConfiguration;
			baseConfigurationReference = EDF5E6602B46789DEBE5DED2 /* Pods-InstagramProfilewithSnapKit.release.xcconfig */;
			buildSettings = {
				ASSETCATALOG_COMPILER_APPICON_NAME = AppIcon;
				CODE_SIGN_STYLE = Automatic;
				DEVELOPMENT_TEAM = Q4E69GH98L;
				INFOPLIST_FILE = InstagramProfilewithSnapKit/Info.plist;
				LD_RUNPATH_SEARCH_PATHS = (
					"$(inherited)",
					"@executable_path/Frameworks",
				);
				PRODUCT_BUNDLE_IDENTIFIER = tolga.InstagramProfilewithSnapKit;
				PRODUCT_NAME = "$(TARGET_NAME)";
				SWIFT_VERSION = 5.0;
				TARGETED_DEVICE_FAMILY = "1,2";
			};
			name = Release;
		};
/* End XCBuildConfiguration section */

/* Begin XCConfigurationList section */
		83090ABA247A794600CF4CF6 /* Build configuration list for PBXProject "InstagramProfilewithSnapKit" */ = {
			isa = XCConfigurationList;
			buildConfigurations = (
				83090AD1247A794700CF4CF6 /* Debug */,
				83090AD2247A794700CF4CF6 /* Release */,
			);
			defaultConfigurationIsVisible = 0;
			defaultConfigurationName = Release;
		};
		83090AD3247A794700CF4CF6 /* Build configuration list for PBXNativeTarget "InstagramProfilewithSnapKit" */ = {
			isa = XCConfigurationList;
			buildConfigurations = (
				83090AD4247A794700CF4CF6 /* Debug */,
				83090AD5247A794700CF4CF6 /* Release */,
			);
			defaultConfigurationIsVisible = 0;
			defaultConfigurationName = Release;
		};
/* End XCConfigurationList section */
	};
	rootObject = 83090AB7247A794600CF4CF6 /* Project object */;
}
